
Microsoft Visual Studio Solution File, Format Version 12.00
# Visual Studio Version 17
VisualStudioVersion = 17.4.33403.182
MinimumVisualStudioVersion = 10.0.40219.1
Project("{FAE04EC0-301F-11D3-BF4B-00C04F79EFBC}") = "Aviaseils", "Aviaseils\Aviaseils.csproj", "{0F636FDB-CE81-4EFD-BE7D-57A788E2C1CD}"
EndProject
Global
	GlobalSection(SolutionConfigurationPlatforms) = preSolution
		Debug|Any CPU = Debug|Any CPU
		Release|Any CPU = Release|Any CPU
	EndGlobalSection
	GlobalSection(ProjectConfigurationPlatforms) = postSolution
		{0F636FDB-CE81-4EFD-BE7D-57A788E2C1CD}.Debug|Any CPU.ActiveCfg = Debug|Any CPU
		{0F636FDB-CE81-4EFD-BE7D-57A788E2C1CD}.Debug|Any CPU.Build.0 = Debug|Any CPU
		{0F636FDB-CE81-4EFD-BE7D-57A788E2C1CD}.Release|Any CPU.ActiveCfg = Release|Any CPU
		{0F636FDB-CE81-4EFD-BE7D-57A788E2C1CD}.Release|Any CPU.Build.0 = Release|Any CPU
	EndGlobalSection
	GlobalSection(SolutionProperties) = preSolution
		HideSolutionNode = FALSE
	EndGlobalSection
	GlobalSection(ExtensibilityGlobals) = postSolution
		SolutionGuid = {03DDEA13-8007-4258-A28D-64EDFCCE0ACB}
	EndGlobalSection
EndGlobal
